
Microsoft Visual Studio Solution File, Format Version 12.00
# Visual Studio Version 16
VisualStudioVersion = 16.0.33130.400
MinimumVisualStudioVersion = 10.0.40219.1
Project("{FAE04EC0-301F-11D3-BF4B-00C04F79EFBC}") = "Course page", "Course page.csproj", "{BE4F7736-1DB3-4FDA-AEED-1A2F65985AC7}"
EndProject
Global
	GlobalSection(SolutionConfigurationPlatforms) = preSolution
		Debug|Any CPU = Debug|Any CPU
		Release|Any CPU = Release|Any CPU
	EndGlobalSection
	GlobalSection(ProjectConfigurationPlatforms) = postSolution
		{BE4F7736-1DB3-4FDA-AEED-1A2F65985AC7}.Debug|Any CPU.ActiveCfg = Debug|Any CPU
		{BE4F7736-1DB3-4FDA-AEED-1A2F65985AC7}.Debug|Any CPU.Build.0 = Debug|Any CPU
		{BE4F7736-1DB3-4FDA-AEED-1A2F65985AC7}.Release|Any CPU.ActiveCfg = Release|Any CPU
		{BE4F7736-1DB3-4FDA-AEED-1A2F65985AC7}.Release|Any CPU.Build.0 = Release|Any CPU
	EndGlobalSection
	GlobalSection(SolutionProperties) = preSolution
		HideSolutionNode = FALSE
	EndGlobalSection
	GlobalSection(ExtensibilityGlobals) = postSolution
		SolutionGuid = {96482AAD-50DA-4B9D-AE9C-E1B9A68D91AB}
	EndGlobalSection
EndGlobal
